
Microsoft Visual Studio Solution File, Format Version 12.00
# Visual Studio Version 16
VisualStudioVersion = 16.0.30907.101
MinimumVisualStudioVersion = 10.0.40219.1
Project("{FAE04EC0-301F-11D3-BF4B-00C04F79EFBC}") = "ConsoleCalculatorApp", "ConsoleCalculatorApp\ConsoleCalculatorApp.csproj", "{2092DFD9-7C56-41CE-ABE5-C60CBB62E7FC}"
EndProject
Global
	GlobalSection(SolutionConfigurationPlatforms) = preSolution
		Debug|Any CPU = Debug|Any CPU
		Release|Any CPU = Release|Any CPU
	EndGlobalSection
	GlobalSection(ProjectConfigurationPlatforms) = postSolution
		{2092DFD9-7C56-41CE-ABE5-C60CBB62E7FC}.Debug|Any CPU.ActiveCfg = Debug|Any CPU
		{2092DFD9-7C56-41CE-ABE5-C60CBB62E7FC}.Debug|Any CPU.Build.0 = Debug|Any CPU
		{2092DFD9-7C56-41CE-ABE5-C60CBB62E7FC}.Release|Any CPU.ActiveCfg = Release|Any CPU
		{2092DFD9-7C56-41CE-ABE5-C60CBB62E7FC}.Release|Any CPU.Build.0 = Release|Any CPU
	EndGlobalSection
	GlobalSection(SolutionProperties) = preSolution
		HideSolutionNode = FALSE
	EndGlobalSection
	GlobalSection(ExtensibilityGlobals) = postSolution
		SolutionGuid = {4764EE92-DF0F-4BF7-9465-4E831671FB1D}
	EndGlobalSection
EndGlobal
