
Microsoft Visual Studio Solution File, Format Version 12.00
# Visual Studio Version 16
VisualStudioVersion = 16.0.30907.101
MinimumVisualStudioVersion = 10.0.40219.1
Project("{FAE04EC0-301F-11D3-BF4B-00C04F79EFBC}") = "WinFormsListControl", "WinFormsListControl\WinFormsListControl.csproj", "{8930CFC3-252C-44CF-8A93-B26EF197784A}"
EndProject
Global
	GlobalSection(SolutionConfigurationPlatforms) = preSolution
		Debug|Any CPU = Debug|Any CPU
		Release|Any CPU = Release|Any CPU
	EndGlobalSection
	GlobalSection(ProjectConfigurationPlatforms) = postSolution
		{8930CFC3-252C-44CF-8A93-B26EF197784A}.Debug|Any CPU.ActiveCfg = Debug|Any CPU
		{8930CFC3-252C-44CF-8A93-B26EF197784A}.Debug|Any CPU.Build.0 = Debug|Any CPU
		{8930CFC3-252C-44CF-8A93-B26EF197784A}.Release|Any CPU.ActiveCfg = Release|Any CPU
		{8930CFC3-252C-44CF-8A93-B26EF197784A}.Release|Any CPU.Build.0 = Release|Any CPU
	EndGlobalSection
	GlobalSection(SolutionProperties) = preSolution
		HideSolutionNode = FALSE
	EndGlobalSection
	GlobalSection(ExtensibilityGlobals) = postSolution
		SolutionGuid = {F7017783-499A-4F24-A1F9-F8E25554F1AE}
	EndGlobalSection
EndGlobal
