
Microsoft Visual Studio Solution File, Format Version 12.00
# Visual Studio Version 16
VisualStudioVersion = 16.0.31005.135
MinimumVisualStudioVersion = 10.0.40219.1
Project("{FAE04EC0-301F-11D3-BF4B-00C04F79EFBC}") = "WinFormsGetYourAge", "WinFormsGetYourAge\WinFormsGetYourAge.csproj", "{77632F62-1A31-4CF0-A81D-1B2E5C7943EF}"
EndProject
Global
	GlobalSection(SolutionConfigurationPlatforms) = preSolution
		Debug|Any CPU = Debug|Any CPU
		Release|Any CPU = Release|Any CPU
	EndGlobalSection
	GlobalSection(ProjectConfigurationPlatforms) = postSolution
		{77632F62-1A31-4CF0-A81D-1B2E5C7943EF}.Debug|Any CPU.ActiveCfg = Debug|Any CPU
		{77632F62-1A31-4CF0-A81D-1B2E5C7943EF}.Debug|Any CPU.Build.0 = Debug|Any CPU
		{77632F62-1A31-4CF0-A81D-1B2E5C7943EF}.Release|Any CPU.ActiveCfg = Release|Any CPU
		{77632F62-1A31-4CF0-A81D-1B2E5C7943EF}.Release|Any CPU.Build.0 = Release|Any CPU
	EndGlobalSection
	GlobalSection(SolutionProperties) = preSolution
		HideSolutionNode = FALSE
	EndGlobalSection
	GlobalSection(ExtensibilityGlobals) = postSolution
		SolutionGuid = {A94FC897-B049-43E6-8363-3D9C3A0C2C5E}
	EndGlobalSection
EndGlobal
